<?xml version="1.0" encoding="utf-8"?>
<Project ToolsVersion="4.0" xmlns="http://schemas.microsoft.com/developer/msbuild/2003">
  <ItemGroup>
    <Filter Include="Source Files">
      <UniqueIdentifier>{4FC737F1-C7A5-4376-A066-2A32D752A2FF}</UniqueIdentifier>
      <Extensions>cpp;c;cc;cxx;def;odl;idl;hpj;bat;asm;asmx</Extensions>
    </Filter>
    <Filter Include="Header Files">
      <UniqueIdentifier>{93995380-89BD-4b04-88EB-625FBE52EBFB}</UniqueIdentifier>
      <Extensions>h;hh;hpp;hxx;hm;inl;inc;xsd</Extensions>
    </Filter>
    <Filter Include="Resource Files">
      <UniqueIdentifier>{67DA6AB6-F800-4c08-8B7A-83BB121AAD01}</UniqueIdentifier>
      <Extensions>rc;ico;cur;bmp;dlg;rc2;rct;bin;rgs;gif;jpg;jpeg;jpe;resx;tiff;tif;png;wav;mfcribbon-ms</Extensions>
    </Filter>
    <Filter Include="Source Files\Neural">
      <UniqueIdentifier>{5657af70-eb4a-434d-885c-71e76ca3fbe6}</UniqueIdentifier>
    </Filter>
    <Filter Include="Header Files\Neural">
      <UniqueIdentifier>{07cc5a92-9a02-4203-873a-45886818f928}</UniqueIdentifier>
    </Filter>
    <Filter Include="Header Files\Game">
      <UniqueIdentifier>{b469cf99-9864-4f6f-82af-4cd504beed5a}</UniqueIdentifier>
    </Filter>
    <Filter Include="Source Files\Game">
      <UniqueIdentifier>{7d653ec1-030d-4c6c-8470-5bc8426943d9}</UniqueIdentifier>
    </Filter>
    <Filter Include="Header Files\Players">
      <UniqueIdentifier>{08275fef-5c14-4705-a8bf-73be05b08358}</UniqueIdentifier>
    </Filter>
    <Filter Include="Source Files\Players">
      <UniqueIdentifier>{54a625cb-dd77-43a6-982c-1035a21eb36e}</UniqueIdentifier>
    </Filter>
    <Filter Include="Header Files\Utility">
      <UniqueIdentifier>{d9a1fe0b-2227-42e3-8e58-00fb8ed880cc}</UniqueIdentifier>
    </Filter>
    <Filter Include="Source Files\Utility">
      <UniqueIdentifier>{7a0306b4-ad68-4843-ad1c-594c7299b204}</UniqueIdentifier>
    </Filter>
    <Filter Include="Header Files\Genetic">
      <UniqueIdentifier>{559fd699-c98c-48e9-910d-423cfcc81bf1}</UniqueIdentifier>
    </Filter>
    <Filter Include="Source Files\Genetic">
      <UniqueIdentifier>{e5f03e0e-8bc6-4625-944e-720104d3c049}</UniqueIdentifier>
    </Filter>
  </ItemGroup>
  <ItemGroup>
    <ClInclude Include="stdafx.h">
      <Filter>Header Files</Filter>
    </ClInclude>
    <ClInclude Include="targetver.h">
      <Filter>Header Files</Filter>
    </ClInclude>
    <ClInclude Include="Neural\Layer.h">
      <Filter>Header Files\Neural</Filter>
    </ClInclude>
    <ClInclude Include="Neural\NeuralNetwork.h">
      <Filter>Header Files\Neural</Filter>
    </ClInclude>
    <ClInclude Include="Game\TicTacToe.h">
      <Filter>Header Files\Game</Filter>
    </ClInclude>
    <ClInclude Include="Game\IPlayer.h">
      <Filter>Header Files\Game</Filter>
    </ClInclude>
    <ClInclude Include="Game\Board.h">
      <Filter>Header Files\Game</Filter>
    </ClInclude>
    <ClInclude Include="Players\RandomPlayer.h">
      <Filter>Header Files\Players</Filter>
    </ClInclude>
    <ClInclude Include="Players\NeuralNetworkPlayer.h">
      <Filter>Header Files\Players</Filter>
    </ClInclude>
    <ClInclude Include="Utility\Algorithms.h">
      <Filter>Header Files\Utility</Filter>
    </ClInclude>
    <ClInclude Include="Neural\NetworkHelpers.h">
      <Filter>Header Files\Neural</Filter>
    </ClInclude>
    <ClInclude Include="Genetic\GeneticLearning.h">
      <Filter>Header Files\Genetic</Filter>
    </ClInclude>
    <ClInclude Include="Players\ContinuusPlayer.h">
      <Filter>Header Files\Players</Filter>
    </ClInclude>
    <ClInclude Include="Players\HumanPlayer.h">
      <Filter>Header Files\Players</Filter>
    </ClInclude>
  </ItemGroup>
  <ItemGroup>
    <ClCompile Include="stdafx.cpp">
      <Filter>Source Files</Filter>
    </ClCompile>
    <ClCompile Include="main.cpp">
      <Filter>Source Files</Filter>
    </ClCompile>
    <ClCompile Include="Game\TicTacToe.cpp">
      <Filter>Source Files\Game</Filter>
    </ClCompile>
    <ClCompile Include="Game\IPlayer.cpp">
      <Filter>Source Files\Game</Filter>
    </ClCompile>
    <ClCompile Include="Game\Board.cpp">
      <Filter>Source Files\Game</Filter>
    </ClCompile>
    <ClCompile Include="Players\RandomPlayer.cpp">
      <Filter>Source Files\Players</Filter>
    </ClCompile>
    <ClCompile Include="Players\NeuralNetworkPlayer.cpp">
      <Filter>Source Files\Players</Filter>
    </ClCompile>
    <ClCompile Include="Genetic\GeneticLearning.cpp">
      <Filter>Source Files\Genetic</Filter>
    </ClCompile>
    <ClCompile Include="Players\ContinuusPlayer.cpp">
      <Filter>Source Files\Players</Filter>
    </ClCompile>
    <ClCompile Include="Players\HumanPlayer.cpp">
      <Filter>Source Files\Players</Filter>
    </ClCompile>
  </ItemGroup>
</Project>